
Microsoft Visual Studio Solution File, Format Version 12.00
# Visual Studio Version 17
VisualStudioVersion = 17.14.35906.104 d17.14
MinimumVisualStudioVersion = 10.0.40219.1
Project("{FAE04EC0-301F-11D3-BF4B-00C04F79EFBC}") = "ItemsParser", "ItemsParser\ItemsParser.csproj", "{35BBE654-B354-40F8-AD5A-A3DCA06CF2E1}"
EndProject
Project("{FAE04EC0-301F-11D3-BF4B-00C04F79EFBC}") = "ItemsParser.Shared", "ItemsParser.Shared\ItemsParser.Shared.csproj", "{36991FB8-EEE2-408C-BD7C-1517A49BD12A}"
EndProject
Global
	GlobalSection(SolutionConfigurationPlatforms) = preSolution
		Debug|Any CPU = Debug|Any CPU
		Release|Any CPU = Release|Any CPU
	EndGlobalSection
	GlobalSection(ProjectConfigurationPlatforms) = postSolution
		{35BBE654-B354-40F8-AD5A-A3DCA06CF2E1}.Debug|Any CPU.ActiveCfg = Debug|Any CPU
		{35BBE654-B354-40F8-AD5A-A3DCA06CF2E1}.Debug|Any CPU.Build.0 = Debug|Any CPU
		{35BBE654-B354-40F8-AD5A-A3DCA06CF2E1}.Release|Any CPU.ActiveCfg = Release|Any CPU
		{35BBE654-B354-40F8-AD5A-A3DCA06CF2E1}.Release|Any CPU.Build.0 = Release|Any CPU
		{36991FB8-EEE2-408C-BD7C-1517A49BD12A}.Debug|Any CPU.ActiveCfg = Debug|Any CPU
		{36991FB8-EEE2-408C-BD7C-1517A49BD12A}.Debug|Any CPU.Build.0 = Debug|Any CPU
		{36991FB8-EEE2-408C-BD7C-1517A49BD12A}.Release|Any CPU.ActiveCfg = Release|Any CPU
		{36991FB8-EEE2-408C-BD7C-1517A49BD12A}.Release|Any CPU.Build.0 = Release|Any CPU
	EndGlobalSection
	GlobalSection(SolutionProperties) = preSolution
		HideSolutionNode = FALSE
	EndGlobalSection
	GlobalSection(ExtensibilityGlobals) = postSolution
		SolutionGuid = {62B8D463-A709-4914-89DD-8CAE84F8D122}
	EndGlobalSection
EndGlobal
